
Microsoft Visual Studio Solution File, Format Version 12.00
# Visual Studio Version 16
VisualStudioVersion = 16.0.29403.142
MinimumVisualStudioVersion = 10.0.40219.1
Project("{9A19103F-16F7-4668-BE54-9A1E7A4F7556}") = "graphcodechallenge", "graphcodechallenge\graphcodechallenge.csproj", "{50AA2E53-1C4D-42E7-88D4-D82C9C91EA9C}"
EndProject
Project("{FAE04EC0-301F-11D3-BF4B-00C04F79EFBC}") = "XUnitTestProject1", "XUnitTestProject1\XUnitTestProject1.csproj", "{768EEF01-26BD-4D88-B211-0C2FF0F32DA1}"
EndProject
Global
	GlobalSection(SolutionConfigurationPlatforms) = preSolution
		Debug|Any CPU = Debug|Any CPU
		Release|Any CPU = Release|Any CPU
	EndGlobalSection
	GlobalSection(ProjectConfigurationPlatforms) = postSolution
		{50AA2E53-1C4D-42E7-88D4-D82C9C91EA9C}.Debug|Any CPU.ActiveCfg = Debug|Any CPU
		{50AA2E53-1C4D-42E7-88D4-D82C9C91EA9C}.Debug|Any CPU.Build.0 = Debug|Any CPU
		{50AA2E53-1C4D-42E7-88D4-D82C9C91EA9C}.Release|Any CPU.ActiveCfg = Release|Any CPU
		{50AA2E53-1C4D-42E7-88D4-D82C9C91EA9C}.Release|Any CPU.Build.0 = Release|Any CPU
		{768EEF01-26BD-4D88-B211-0C2FF0F32DA1}.Debug|Any CPU.ActiveCfg = Debug|Any CPU
		{768EEF01-26BD-4D88-B211-0C2FF0F32DA1}.Debug|Any CPU.Build.0 = Debug|Any CPU
		{768EEF01-26BD-4D88-B211-0C2FF0F32DA1}.Release|Any CPU.ActiveCfg = Release|Any CPU
		{768EEF01-26BD-4D88-B211-0C2FF0F32DA1}.Release|Any CPU.Build.0 = Release|Any CPU
	EndGlobalSection
	GlobalSection(SolutionProperties) = preSolution
		HideSolutionNode = FALSE
	EndGlobalSection
	GlobalSection(ExtensibilityGlobals) = postSolution
		SolutionGuid = {571CDD22-F0A8-4F15-B3BE-3A3DCAABCD5C}
	EndGlobalSection
EndGlobal
