
Microsoft Visual Studio Solution File, Format Version 12.00
# Visual Studio Version 16
VisualStudioVersion = 16.0.29403.142
MinimumVisualStudioVersion = 10.0.40219.1
Project("{FAE04EC0-301F-11D3-BF4B-00C04F79EFBC}") = "repeated-words", "repeated-words\repeated-words.csproj", "{7CF4CCD0-0EB5-495E-9AF3-4248C447CA31}"
EndProject
Project("{FAE04EC0-301F-11D3-BF4B-00C04F79EFBC}") = "XUnitTestProject1", "XUnitTestProject1\XUnitTestProject1.csproj", "{262EB3D7-9675-4BBF-AB96-2D96240DDC73}"
EndProject
Global
	GlobalSection(SolutionConfigurationPlatforms) = preSolution
		Debug|Any CPU = Debug|Any CPU
		Release|Any CPU = Release|Any CPU
	EndGlobalSection
	GlobalSection(ProjectConfigurationPlatforms) = postSolution
		{7CF4CCD0-0EB5-495E-9AF3-4248C447CA31}.Debug|Any CPU.ActiveCfg = Debug|Any CPU
		{7CF4CCD0-0EB5-495E-9AF3-4248C447CA31}.Debug|Any CPU.Build.0 = Debug|Any CPU
		{7CF4CCD0-0EB5-495E-9AF3-4248C447CA31}.Release|Any CPU.ActiveCfg = Release|Any CPU
		{7CF4CCD0-0EB5-495E-9AF3-4248C447CA31}.Release|Any CPU.Build.0 = Release|Any CPU
		{262EB3D7-9675-4BBF-AB96-2D96240DDC73}.Debug|Any CPU.ActiveCfg = Debug|Any CPU
		{262EB3D7-9675-4BBF-AB96-2D96240DDC73}.Debug|Any CPU.Build.0 = Debug|Any CPU
		{262EB3D7-9675-4BBF-AB96-2D96240DDC73}.Release|Any CPU.ActiveCfg = Release|Any CPU
		{262EB3D7-9675-4BBF-AB96-2D96240DDC73}.Release|Any CPU.Build.0 = Release|Any CPU
	EndGlobalSection
	GlobalSection(SolutionProperties) = preSolution
		HideSolutionNode = FALSE
	EndGlobalSection
	GlobalSection(ExtensibilityGlobals) = postSolution
		SolutionGuid = {088A220B-0280-458C-A142-E992A055F22E}
	EndGlobalSection
EndGlobal
