
Microsoft Visual Studio Solution File, Format Version 12.00
# Visual Studio Version 16
VisualStudioVersion = 16.0.29403.142
MinimumVisualStudioVersion = 10.0.40219.1
Project("{9A19103F-16F7-4668-BE54-9A1E7A4F7556}") = "Insertion Sort", "Insertion Sort\Insertion Sort.csproj", "{98BF0A42-728A-4EE0-AC76-D6C41684D8DA}"
EndProject
Project("{2150E333-8FDC-42A3-9474-1A3956D46DE8}") = "Solution Items", "Solution Items", "{3B2C2A43-6BEA-4C5A-B400-5EE77D7D6752}"
	ProjectSection(SolutionItems) = preProject
		BLOG.md = BLOG.md
	EndProjectSection
EndProject
Project("{FAE04EC0-301F-11D3-BF4B-00C04F79EFBC}") = "XUnitTestProject1", "XUnitTestProject1\XUnitTestProject1.csproj", "{11DD6113-6BE0-44E6-88D5-A1C2D42F4A76}"
EndProject
Global
	GlobalSection(SolutionConfigurationPlatforms) = preSolution
		Debug|Any CPU = Debug|Any CPU
		Release|Any CPU = Release|Any CPU
	EndGlobalSection
	GlobalSection(ProjectConfigurationPlatforms) = postSolution
		{98BF0A42-728A-4EE0-AC76-D6C41684D8DA}.Debug|Any CPU.ActiveCfg = Debug|Any CPU
		{98BF0A42-728A-4EE0-AC76-D6C41684D8DA}.Debug|Any CPU.Build.0 = Debug|Any CPU
		{98BF0A42-728A-4EE0-AC76-D6C41684D8DA}.Release|Any CPU.ActiveCfg = Release|Any CPU
		{98BF0A42-728A-4EE0-AC76-D6C41684D8DA}.Release|Any CPU.Build.0 = Release|Any CPU
		{11DD6113-6BE0-44E6-88D5-A1C2D42F4A76}.Debug|Any CPU.ActiveCfg = Debug|Any CPU
		{11DD6113-6BE0-44E6-88D5-A1C2D42F4A76}.Debug|Any CPU.Build.0 = Debug|Any CPU
		{11DD6113-6BE0-44E6-88D5-A1C2D42F4A76}.Release|Any CPU.ActiveCfg = Release|Any CPU
		{11DD6113-6BE0-44E6-88D5-A1C2D42F4A76}.Release|Any CPU.Build.0 = Release|Any CPU
	EndGlobalSection
	GlobalSection(SolutionProperties) = preSolution
		HideSolutionNode = FALSE
	EndGlobalSection
	GlobalSection(ExtensibilityGlobals) = postSolution
		SolutionGuid = {2784DC6B-3A56-4CD1-9BD8-7E083CF4AA22}
	EndGlobalSection
EndGlobal
