
Microsoft Visual Studio Solution File, Format Version 12.00
# Visual Studio Version 16
VisualStudioVersion = 16.0.29403.142
MinimumVisualStudioVersion = 10.0.40219.1
Project("{FAE04EC0-301F-11D3-BF4B-00C04F79EFBC}") = "StacksAndQueues", "StacksAndQueues\StacksAndQueues.csproj", "{D751164E-A047-4D3B-BA40-2A5BE25F1169}"
EndProject
Project("{FAE04EC0-301F-11D3-BF4B-00C04F79EFBC}") = "XUnitTestProject1", "XUnitTestProject1\XUnitTestProject1.csproj", "{55EA51FB-BAA6-443A-818B-1FD9E3C0A2B2}"
EndProject
Global
	GlobalSection(SolutionConfigurationPlatforms) = preSolution
		Debug|Any CPU = Debug|Any CPU
		Release|Any CPU = Release|Any CPU
	EndGlobalSection
	GlobalSection(ProjectConfigurationPlatforms) = postSolution
		{D751164E-A047-4D3B-BA40-2A5BE25F1169}.Debug|Any CPU.ActiveCfg = Debug|Any CPU
		{D751164E-A047-4D3B-BA40-2A5BE25F1169}.Debug|Any CPU.Build.0 = Debug|Any CPU
		{D751164E-A047-4D3B-BA40-2A5BE25F1169}.Release|Any CPU.ActiveCfg = Release|Any CPU
		{D751164E-A047-4D3B-BA40-2A5BE25F1169}.Release|Any CPU.Build.0 = Release|Any CPU
		{55EA51FB-BAA6-443A-818B-1FD9E3C0A2B2}.Debug|Any CPU.ActiveCfg = Debug|Any CPU
		{55EA51FB-BAA6-443A-818B-1FD9E3C0A2B2}.Debug|Any CPU.Build.0 = Debug|Any CPU
		{55EA51FB-BAA6-443A-818B-1FD9E3C0A2B2}.Release|Any CPU.ActiveCfg = Release|Any CPU
		{55EA51FB-BAA6-443A-818B-1FD9E3C0A2B2}.Release|Any CPU.Build.0 = Release|Any CPU
	EndGlobalSection
	GlobalSection(SolutionProperties) = preSolution
		HideSolutionNode = FALSE
	EndGlobalSection
	GlobalSection(ExtensibilityGlobals) = postSolution
		SolutionGuid = {834AE901-0AAB-4EDC-AC05-A80F7D98EEA0}
	EndGlobalSection
EndGlobal
