
Microsoft Visual Studio Solution File, Format Version 12.00
# Visual Studio Version 16
VisualStudioVersion = 16.0.29403.142
MinimumVisualStudioVersion = 10.0.40219.1
Project("{FAE04EC0-301F-11D3-BF4B-00C04F79EFBC}") = "ArrayShift", "ArrayShift\ArrayShift.csproj", "{1C514642-9253-49E6-AE37-B228D347307F}"
EndProject
Project("{FAE04EC0-301F-11D3-BF4B-00C04F79EFBC}") = "XUnitTestProject1", "XUnitTestProject1\XUnitTestProject1.csproj", "{FC44DC59-409E-4E6F-A21C-C0B38CB89921}"
EndProject
Global
	GlobalSection(SolutionConfigurationPlatforms) = preSolution
		Debug|Any CPU = Debug|Any CPU
		Release|Any CPU = Release|Any CPU
	EndGlobalSection
	GlobalSection(ProjectConfigurationPlatforms) = postSolution
		{1C514642-9253-49E6-AE37-B228D347307F}.Debug|Any CPU.ActiveCfg = Debug|Any CPU
		{1C514642-9253-49E6-AE37-B228D347307F}.Debug|Any CPU.Build.0 = Debug|Any CPU
		{1C514642-9253-49E6-AE37-B228D347307F}.Release|Any CPU.ActiveCfg = Release|Any CPU
		{1C514642-9253-49E6-AE37-B228D347307F}.Release|Any CPU.Build.0 = Release|Any CPU
		{FC44DC59-409E-4E6F-A21C-C0B38CB89921}.Debug|Any CPU.ActiveCfg = Debug|Any CPU
		{FC44DC59-409E-4E6F-A21C-C0B38CB89921}.Debug|Any CPU.Build.0 = Debug|Any CPU
		{FC44DC59-409E-4E6F-A21C-C0B38CB89921}.Release|Any CPU.ActiveCfg = Release|Any CPU
		{FC44DC59-409E-4E6F-A21C-C0B38CB89921}.Release|Any CPU.Build.0 = Release|Any CPU
	EndGlobalSection
	GlobalSection(SolutionProperties) = preSolution
		HideSolutionNode = FALSE
	EndGlobalSection
	GlobalSection(ExtensibilityGlobals) = postSolution
		SolutionGuid = {F7A9234B-B2EC-44E3-A7B4-B1CD626033C4}
	EndGlobalSection
EndGlobal
