
Microsoft Visual Studio Solution File, Format Version 12.00
# Visual Studio Version 16
VisualStudioVersion = 16.0.29403.142
MinimumVisualStudioVersion = 10.0.40219.1
Project("{FAE04EC0-301F-11D3-BF4B-00C04F79EFBC}") = "FIFOAnimalShelter", "FIFOAnimalShelter\FIFOAnimalShelter.csproj", "{126982BE-2CCE-48B8-B2D4-B294748957B1}"
EndProject
Global
	GlobalSection(SolutionConfigurationPlatforms) = preSolution
		Debug|Any CPU = Debug|Any CPU
		Release|Any CPU = Release|Any CPU
	EndGlobalSection
	GlobalSection(ProjectConfigurationPlatforms) = postSolution
		{126982BE-2CCE-48B8-B2D4-B294748957B1}.Debug|Any CPU.ActiveCfg = Debug|Any CPU
		{126982BE-2CCE-48B8-B2D4-B294748957B1}.Debug|Any CPU.Build.0 = Debug|Any CPU
		{126982BE-2CCE-48B8-B2D4-B294748957B1}.Release|Any CPU.ActiveCfg = Release|Any CPU
		{126982BE-2CCE-48B8-B2D4-B294748957B1}.Release|Any CPU.Build.0 = Release|Any CPU
	EndGlobalSection
	GlobalSection(SolutionProperties) = preSolution
		HideSolutionNode = FALSE
	EndGlobalSection
	GlobalSection(ExtensibilityGlobals) = postSolution
		SolutionGuid = {42CC2223-1F79-4286-9E8B-B24A7D0C0576}
	EndGlobalSection
EndGlobal
