
Microsoft Visual Studio Solution File, Format Version 12.00
# Visual Studio Version 16
VisualStudioVersion = 16.0.29403.142
MinimumVisualStudioVersion = 10.0.40219.1
Project("{FAE04EC0-301F-11D3-BF4B-00C04F79EFBC}") = "HashTable", "HashTable\HashTable.csproj", "{89B45BD3-0C0B-4801-A999-1BF233AA368D}"
EndProject
Project("{FAE04EC0-301F-11D3-BF4B-00C04F79EFBC}") = "XUnitTestProject1", "XUnitTestProject1\XUnitTestProject1.csproj", "{7834642D-A17A-4D2E-8ACB-F103CADDE1C2}"
EndProject
Global
	GlobalSection(SolutionConfigurationPlatforms) = preSolution
		Debug|Any CPU = Debug|Any CPU
		Release|Any CPU = Release|Any CPU
	EndGlobalSection
	GlobalSection(ProjectConfigurationPlatforms) = postSolution
		{89B45BD3-0C0B-4801-A999-1BF233AA368D}.Debug|Any CPU.ActiveCfg = Debug|Any CPU
		{89B45BD3-0C0B-4801-A999-1BF233AA368D}.Debug|Any CPU.Build.0 = Debug|Any CPU
		{89B45BD3-0C0B-4801-A999-1BF233AA368D}.Release|Any CPU.ActiveCfg = Release|Any CPU
		{89B45BD3-0C0B-4801-A999-1BF233AA368D}.Release|Any CPU.Build.0 = Release|Any CPU
		{7834642D-A17A-4D2E-8ACB-F103CADDE1C2}.Debug|Any CPU.ActiveCfg = Debug|Any CPU
		{7834642D-A17A-4D2E-8ACB-F103CADDE1C2}.Debug|Any CPU.Build.0 = Debug|Any CPU
		{7834642D-A17A-4D2E-8ACB-F103CADDE1C2}.Release|Any CPU.ActiveCfg = Release|Any CPU
		{7834642D-A17A-4D2E-8ACB-F103CADDE1C2}.Release|Any CPU.Build.0 = Release|Any CPU
	EndGlobalSection
	GlobalSection(SolutionProperties) = preSolution
		HideSolutionNode = FALSE
	EndGlobalSection
	GlobalSection(ExtensibilityGlobals) = postSolution
		SolutionGuid = {3121DDD4-1211-40CB-8CB8-CEA497E97F46}
	EndGlobalSection
EndGlobal
